# THIS IS AN AUTOGENERATED FILE. DO NOT EDIT THIS FILE DIRECTLY.
# yarn lockfile v1


"@vezygg/my-first-package@^1.69.0":
  version "1.69.0"
  resolved "https://registry.yarnpkg.com/@vezygg/my-first-package/-/my-first-package-1.69.0.tgz#83fde16fb7128b441e5baccbe6e99a28d49171fa"
  integrity sha512-FvYiA1IfGi0rJQGcgPMiiyeuYS36ur7X9P93RLmhxwhIu0/7LjQ0p1ITfTEzzSS9Tvl/uDTWNqEQQzLRUR3UwQ==
